
Microsoft Visual Studio Solution File, Format Version 12.00
# Visual Studio Version 17
VisualStudioVersion = 17.14.36109.1
MinimumVisualStudioVersion = 10.0.40219.1
Project("{FAE04EC0-301F-11D3-BF4B-00C04F79EFBC}") = "APITesteConhecimento", "APITesteConhecimento\APITesteConhecimento.csproj", "{C123C164-172B-40CD-AD55-3BF0BC9E80FD}"
EndProject
Project("{FAE04EC0-301F-11D3-BF4B-00C04F79EFBC}") = "CoreContato", "CoreContato\CoreContato.csproj", "{F5EF3B8D-E9ED-4389-A204-8929ADA475DE}"
EndProject
Project("{FAE04EC0-301F-11D3-BF4B-00C04F79EFBC}") = "TestsAPITesteConhecimento", "TestsAPITesteConhecimento\TestsAPITesteConhecimento.csproj", "{6B8F1445-1FD1-4B81-A111-F9594B45C8DC}"
EndProject
Project("{2150E333-8FDC-42A3-9474-1A3956D46DE8}") = "Itens de Solução", "Itens de Solução", "{380A7511-A354-6D7A-0CC0-8FA1F1BA7B6C}"
	ProjectSection(SolutionItems) = preProject
		Dockerfile = Dockerfile
		Readme.md = Readme.md
	EndProjectSection
EndProject
Global
	GlobalSection(SolutionConfigurationPlatforms) = preSolution
		Debug|Any CPU = Debug|Any CPU
		Release|Any CPU = Release|Any CPU
	EndGlobalSection
	GlobalSection(ProjectConfigurationPlatforms) = postSolution
		{C123C164-172B-40CD-AD55-3BF0BC9E80FD}.Debug|Any CPU.ActiveCfg = Debug|Any CPU
		{C123C164-172B-40CD-AD55-3BF0BC9E80FD}.Debug|Any CPU.Build.0 = Debug|Any CPU
		{C123C164-172B-40CD-AD55-3BF0BC9E80FD}.Release|Any CPU.ActiveCfg = Release|Any CPU
		{C123C164-172B-40CD-AD55-3BF0BC9E80FD}.Release|Any CPU.Build.0 = Release|Any CPU
		{F5EF3B8D-E9ED-4389-A204-8929ADA475DE}.Debug|Any CPU.ActiveCfg = Debug|Any CPU
		{F5EF3B8D-E9ED-4389-A204-8929ADA475DE}.Debug|Any CPU.Build.0 = Debug|Any CPU
		{F5EF3B8D-E9ED-4389-A204-8929ADA475DE}.Release|Any CPU.ActiveCfg = Release|Any CPU
		{F5EF3B8D-E9ED-4389-A204-8929ADA475DE}.Release|Any CPU.Build.0 = Release|Any CPU
		{6B8F1445-1FD1-4B81-A111-F9594B45C8DC}.Debug|Any CPU.ActiveCfg = Debug|Any CPU
		{6B8F1445-1FD1-4B81-A111-F9594B45C8DC}.Debug|Any CPU.Build.0 = Debug|Any CPU
		{6B8F1445-1FD1-4B81-A111-F9594B45C8DC}.Release|Any CPU.ActiveCfg = Release|Any CPU
		{6B8F1445-1FD1-4B81-A111-F9594B45C8DC}.Release|Any CPU.Build.0 = Release|Any CPU
	EndGlobalSection
	GlobalSection(SolutionProperties) = preSolution
		HideSolutionNode = FALSE
	EndGlobalSection
	GlobalSection(ExtensibilityGlobals) = postSolution
		SolutionGuid = {BAED7B94-E5ED-4500-B014-E0145CE22598}
	EndGlobalSection
EndGlobal
